
Microsoft Visual Studio Solution File, Format Version 12.00
# Visual Studio 15
Project("{FAE04EC0-301F-11D3-BF4B-00C04F79EFBC}") = "Assembly-CSharp", "Assembly-CSharp.csproj", "{29F383F2-675D-7F6D-2121-283AF4D4E054}"
EndProject
Project("{FAE04EC0-301F-11D3-BF4B-00C04F79EFBC}") = "Assembly-CSharp-firstpass", "Assembly-CSharp-firstpass.csproj", "{431F68A0-F91F-9FDB-D63C-4A50ECEFD992}"
EndProject
Project("{FAE04EC0-301F-11D3-BF4B-00C04F79EFBC}") = "Assembly-CSharp-Editor", "Assembly-CSharp-Editor.csproj", "{846A27F8-BAA2-7B9B-0BE1-AF4696C40E3F}"
EndProject
Project("{FAE04EC0-301F-11D3-BF4B-00C04F79EFBC}") = "Assembly-CSharp-Editor-firstpass", "Assembly-CSharp-Editor-firstpass.csproj", "{A349EF3C-EA3D-AE86-1457-68ADEF8EEF23}"
EndProject
Global
	GlobalSection(SolutionConfigurationPlatforms) = preSolution
		Debug|Any CPU = Debug|Any CPU
		Release|Any CPU = Release|Any CPU
	EndGlobalSection
	GlobalSection(ProjectConfigurationPlatforms) = postSolution
		{29F383F2-675D-7F6D-2121-283AF4D4E054}.Debug|Any CPU.ActiveCfg = Debug|Any CPU
		{29F383F2-675D-7F6D-2121-283AF4D4E054}.Debug|Any CPU.Build.0 = Debug|Any CPU
		{29F383F2-675D-7F6D-2121-283AF4D4E054}.Release|Any CPU.ActiveCfg = Release|Any CPU
		{29F383F2-675D-7F6D-2121-283AF4D4E054}.Release|Any CPU.Build.0 = Release|Any CPU
		{431F68A0-F91F-9FDB-D63C-4A50ECEFD992}.Debug|Any CPU.ActiveCfg = Debug|Any CPU
		{431F68A0-F91F-9FDB-D63C-4A50ECEFD992}.Debug|Any CPU.Build.0 = Debug|Any CPU
		{431F68A0-F91F-9FDB-D63C-4A50ECEFD992}.Release|Any CPU.ActiveCfg = Release|Any CPU
		{431F68A0-F91F-9FDB-D63C-4A50ECEFD992}.Release|Any CPU.Build.0 = Release|Any CPU
		{846A27F8-BAA2-7B9B-0BE1-AF4696C40E3F}.Debug|Any CPU.ActiveCfg = Debug|Any CPU
		{846A27F8-BAA2-7B9B-0BE1-AF4696C40E3F}.Debug|Any CPU.Build.0 = Debug|Any CPU
		{846A27F8-BAA2-7B9B-0BE1-AF4696C40E3F}.Release|Any CPU.ActiveCfg = Release|Any CPU
		{846A27F8-BAA2-7B9B-0BE1-AF4696C40E3F}.Release|Any CPU.Build.0 = Release|Any CPU
		{A349EF3C-EA3D-AE86-1457-68ADEF8EEF23}.Debug|Any CPU.ActiveCfg = Debug|Any CPU
		{A349EF3C-EA3D-AE86-1457-68ADEF8EEF23}.Debug|Any CPU.Build.0 = Debug|Any CPU
		{A349EF3C-EA3D-AE86-1457-68ADEF8EEF23}.Release|Any CPU.ActiveCfg = Release|Any CPU
		{A349EF3C-EA3D-AE86-1457-68ADEF8EEF23}.Release|Any CPU.Build.0 = Release|Any CPU
	EndGlobalSection
	GlobalSection(SolutionProperties) = preSolution
		HideSolutionNode = FALSE
	EndGlobalSection
EndGlobal
